{
  "name": "r1-launch-pad",
  "version": "1.0.0",
  "lockfileVersion": 3,
  "requires": true,
  "packages": {
    "": {
      "name": "r1-launch-pad",
      "version": "1.0.0",
      "license": "MIT",
      "dependencies": {
        "ytpl": "^2.3.0"
      }
    },
    "node_modules/miniget": {
      "version": "4.2.3",
      "resolved": "https://registry.npmjs.org/miniget/-/miniget-4.2.3.tgz",
      "integrity": "sha512-SjbDPDICJ1zT+ZvQwK0hUcRY4wxlhhNpHL9nJOB2MEAXRGagTljsO8MEDzQMTFf0Q8g4QNi8P9lEm/g7e+qgzA==",
      "license": "MIT",
      "engines": {
        "node": ">=12"
      }
    },
    "node_modules/ytpl": {
      "version": "2.3.0",
      "resolved": "https://registry.npmjs.org/ytpl/-/ytpl-2.3.0.tgz",
      "integrity": "sha512-Cfw2rxq3PFK6qgWr2Z8gsRefVahEzbn9XEuiJldqdXHE6GhO7kTfEvbZKdfXing1SmgW635uJ/UL2g8r0fvu2Q==",
      "deprecated": "Package no longer supported. Contact Support at https://www.npmjs.com/support for more info.",
      "license": "MIT",
      "dependencies": {
        "miniget": "^4.2.2"
      },
      "engines": {
        "node": ">=8"
      }
    }
  }
}
